
Microsoft Visual Studio Solution File, Format Version 12.00
# Visual Studio Version 16
VisualStudioVersion = 16.0.31205.134
MinimumVisualStudioVersion = 10.0.40219.1
Project("{FAE04EC0-301F-11D3-BF4B-00C04F79EFBC}") = "MaxProduct_OptimalPlan", "MaxProduct_OptimalPlan\MaxProduct_OptimalPlan.csproj", "{ED60F854-AD42-4570-9E24-52311E31FCFA}"
EndProject
Global
	GlobalSection(SolutionConfigurationPlatforms) = preSolution
		Debug|Any CPU = Debug|Any CPU
		Release|Any CPU = Release|Any CPU
	EndGlobalSection
	GlobalSection(ProjectConfigurationPlatforms) = postSolution
		{ED60F854-AD42-4570-9E24-52311E31FCFA}.Debug|Any CPU.ActiveCfg = Debug|Any CPU
		{ED60F854-AD42-4570-9E24-52311E31FCFA}.Debug|Any CPU.Build.0 = Debug|Any CPU
		{ED60F854-AD42-4570-9E24-52311E31FCFA}.Release|Any CPU.ActiveCfg = Release|Any CPU
		{ED60F854-AD42-4570-9E24-52311E31FCFA}.Release|Any CPU.Build.0 = Release|Any CPU
	EndGlobalSection
	GlobalSection(SolutionProperties) = preSolution
		HideSolutionNode = FALSE
	EndGlobalSection
	GlobalSection(ExtensibilityGlobals) = postSolution
		SolutionGuid = {472E111D-6BF1-48F6-987F-79E4FBC3128B}
	EndGlobalSection
EndGlobal
